
Microsoft Visual Studio Solution File, Format Version 12.00
# Visual Studio Version 16
VisualStudioVersion = 16.0.30717.126
MinimumVisualStudioVersion = 10.0.40219.1
Project("{FAE04EC0-301F-11D3-BF4B-00C04F79EFBC}") = "Sol_Demo.Android", "Sol_Demo\Sol_Demo.Android\Sol_Demo.Android.csproj", "{61CD74BB-8821-475D-8772-476968C34015}"
EndProject
Project("{FAE04EC0-301F-11D3-BF4B-00C04F79EFBC}") = "Sol_Demo", "Sol_Demo\Sol_Demo\Sol_Demo.csproj", "{72471174-725E-45A9-A76E-BFC5CBA984DF}"
EndProject
Global
	GlobalSection(SolutionConfigurationPlatforms) = preSolution
		Debug|Any CPU = Debug|Any CPU
		Release|Any CPU = Release|Any CPU
	EndGlobalSection
	GlobalSection(ProjectConfigurationPlatforms) = postSolution
		{61CD74BB-8821-475D-8772-476968C34015}.Debug|Any CPU.ActiveCfg = Debug|Any CPU
		{61CD74BB-8821-475D-8772-476968C34015}.Debug|Any CPU.Build.0 = Debug|Any CPU
		{61CD74BB-8821-475D-8772-476968C34015}.Debug|Any CPU.Deploy.0 = Debug|Any CPU
		{61CD74BB-8821-475D-8772-476968C34015}.Release|Any CPU.ActiveCfg = Release|Any CPU
		{61CD74BB-8821-475D-8772-476968C34015}.Release|Any CPU.Build.0 = Release|Any CPU
		{61CD74BB-8821-475D-8772-476968C34015}.Release|Any CPU.Deploy.0 = Release|Any CPU
		{72471174-725E-45A9-A76E-BFC5CBA984DF}.Debug|Any CPU.ActiveCfg = Debug|Any CPU
		{72471174-725E-45A9-A76E-BFC5CBA984DF}.Debug|Any CPU.Build.0 = Debug|Any CPU
		{72471174-725E-45A9-A76E-BFC5CBA984DF}.Debug|Any CPU.Deploy.0 = Debug|Any CPU
		{72471174-725E-45A9-A76E-BFC5CBA984DF}.Release|Any CPU.ActiveCfg = Release|Any CPU
		{72471174-725E-45A9-A76E-BFC5CBA984DF}.Release|Any CPU.Build.0 = Release|Any CPU
		{72471174-725E-45A9-A76E-BFC5CBA984DF}.Release|Any CPU.Deploy.0 = Release|Any CPU
	EndGlobalSection
	GlobalSection(SolutionProperties) = preSolution
		HideSolutionNode = FALSE
	EndGlobalSection
	GlobalSection(ExtensibilityGlobals) = postSolution
		SolutionGuid = {03453CDD-4DF8-4991-9A0F-B6DF5AE406E5}
	EndGlobalSection
EndGlobal
